{
    "_meta": {
        "hash": {
            "sha256": "5a5640af9a2c5cbc4d66865819f7e8183b52fccd818056fd9506d36ce8538553"
        },
        "pipfile-spec": 6,
        "requires": {
            "python_version": "3.11"
        },
        "sources": [
            {
                "name": "pypi",
                "url": "https://pypi.org/simple",
                "verify_ssl": true
            }
        ]
    },
    "default": {
        "asgiref": {
            "hashes": [
                "sha256:3e1e3ecc849832fe52ccf2cb6686b7a55f82bb1d6aee72a58826471390335e47",
                "sha256:c343bd80a0bec947a9860adb4c432ffa7db769836c64238fc34bdc3fec84d590"
            ],
            "markers": "python_version >= '3.8'",
            "version": "==3.8.1"
        },
        "boto3": {
            "hashes": [
                "sha256:58ccdeae3a96811ecc9d5d866d8226faadbd0ee1891756e4a04d5186e9a57a64",
                "sha256:d370befe4fb7aea5bc383057d7dad18dda5d0cf3cd3295915bcc8c8c4191905c"
            ],
            "index": "pypi",
            "markers": "python_version >= '3.8'",
            "version": "==1.34.127"
        },
        "botocore": {
            "hashes": [
                "sha256:a377871742c40603d559103f19acb7bc93cfaf285e68f21b81637ec396099877",
                "sha256:e14fa28c8bb141de965e700f88b196d17c67a703c7f0f5c7e14f7dd1cf636011"
            ],
            "markers": "python_version >= '3.8'",
            "version": "==1.34.127"
        },
        "django": {
            "hashes": [
                "sha256:8363ac062bb4ef7c3f12d078f6fa5d154031d129a15170a1066412af49d30905",
                "sha256:ff1b61005004e476e0aeea47c7f79b85864c70124030e95146315396f1e7951f"
            ],
            "index": "pypi",
            "markers": "python_version >= '3.10'",
            "version": "==5.0.6"
        },
        "djangorestframework": {
            "hashes": [
                "sha256:3ccc0475bce968608cf30d07fb17d8e52d1d7fc8bfe779c905463200750cbca6",
                "sha256:f88fad74183dfc7144b2756d0d2ac716ea5b4c7c9840995ac3bfd8ec034333c1"
            ],
            "index": "pypi",
            "markers": "python_version >= '3.6'",
            "version": "==3.15.1"
        },
        "feedparser": {
            "hashes": [
                "sha256:0be7ee7b395572b19ebeb1d6aafb0028dee11169f1c934e0ed67d54992f4ad45",
                "sha256:c9d0407b64c6f2a065d0ebb292c2b35c01050cc0dc33757461aaabdc4c4184d5"
            ],
            "index": "pypi",
            "markers": "python_version >= '3.6'",
            "version": "==6.0.11"
        },
        "jmespath": {
            "hashes": [
                "sha256:02e2e4cc71b5bcab88332eebf907519190dd9e6e82107fa7f83b1003a6252980",
                "sha256:90261b206d6defd58fdd5e85f478bf633a2901798906be2ad389150c5c60edbe"
            ],
            "markers": "python_version >= '3.7'",
            "version": "==1.0.1"
        },
        "python-dateutil": {
            "hashes": [
                "sha256:37dd54208da7e1cd875388217d5e00ebd4179249f90fb72437e91a35459a0ad3",
                "sha256:a8b2bc7bffae282281c8140a97d3aa9c14da0b136dfe83f850eea9a5f7470427"
            ],
            "markers": "python_version >= '2.7' and python_version not in '3.0, 3.1, 3.2, 3.3'",
            "version": "==2.9.0.post0"
        },
        "s3transfer": {
            "hashes": [
                "sha256:5683916b4c724f799e600f41dd9e10a9ff19871bf87623cc8f491cb4f5fa0a19",
                "sha256:ceb252b11bcf87080fb7850a224fb6e05c8a776bab8f2b64b7f25b969464839d"
            ],
            "markers": "python_version >= '3.8'",
            "version": "==0.10.1"
        },
        "sgmllib3k": {
            "hashes": [
                "sha256:7868fb1c8bfa764c1ac563d3cf369c381d1325d36124933a726f29fcdaa812e9"
            ],
            "version": "==1.0.0"
        },
        "six": {
            "hashes": [
                "sha256:1e61c37477a1626458e36f7b1d82aa5c9b094fa4802892072e49de9c60c4c926",
                "sha256:8abb2f1d86890a2dfb989f9a77cfcfd3e47c2a354b01111771326f8aa26e0254"
            ],
            "markers": "python_version >= '2.7' and python_version not in '3.0, 3.1, 3.2, 3.3'",
            "version": "==1.16.0"
        },
        "sqlparse": {
            "hashes": [
                "sha256:714d0a4932c059d16189f58ef5411ec2287a4360f17cdd0edd2d09d4c5087c93",
                "sha256:c204494cd97479d0e39f28c93d46c0b2d5959c7b9ab904762ea6c7af211c8663"
            ],
            "markers": "python_version >= '3.8'",
            "version": "==0.5.0"
        },
        "urllib3": {
            "hashes": [
                "sha256:450b20ec296a467077128bff42b73080516e71b56ff59a60a02bef2232c4fa9d",
                "sha256:d0570876c61ab9e520d776c38acbbb5b05a776d3f9ff98a5c8fd5162a444cf19"
            ],
            "markers": "python_version >= '3.10'",
            "version": "==2.2.1"
        }
    },
    "develop": {}
}
